
Microsoft Visual Studio Solution File, Format Version 12.00
# Visual Studio 2012
Project("{FAE04EC0-301F-11D3-BF4B-00C04F79EFBC}") = "LiveActivityMap", "LiveActivityMap\LiveActivityMap.csproj", "{09C971E9-A6CF-45BB-8AE7-5F9232C29531}"
	ProjectSection(ProjectDependencies) = postProject
		{C2F403BF-7CE2-4138-B24F-E0FB14D2CC43} = {C2F403BF-7CE2-4138-B24F-E0FB14D2CC43}
	EndProjectSection
EndProject
Project("{FAE04EC0-301F-11D3-BF4B-00C04F79EFBC}") = "SampleActivityNotifier", "SampleActivityNotifier\SampleActivityNotifier.csproj", "{C2F403BF-7CE2-4138-B24F-E0FB14D2CC43}"
EndProject
Global
	GlobalSection(SolutionConfigurationPlatforms) = preSolution
		Debug|Any CPU = Debug|Any CPU
		Release|Any CPU = Release|Any CPU
	EndGlobalSection
	GlobalSection(ProjectConfigurationPlatforms) = postSolution
		{09C971E9-A6CF-45BB-8AE7-5F9232C29531}.Debug|Any CPU.ActiveCfg = Debug|Any CPU
		{09C971E9-A6CF-45BB-8AE7-5F9232C29531}.Debug|Any CPU.Build.0 = Debug|Any CPU
		{09C971E9-A6CF-45BB-8AE7-5F9232C29531}.Release|Any CPU.ActiveCfg = Release|Any CPU
		{09C971E9-A6CF-45BB-8AE7-5F9232C29531}.Release|Any CPU.Build.0 = Release|Any CPU
		{C2F403BF-7CE2-4138-B24F-E0FB14D2CC43}.Debug|Any CPU.ActiveCfg = Debug|Any CPU
		{C2F403BF-7CE2-4138-B24F-E0FB14D2CC43}.Debug|Any CPU.Build.0 = Debug|Any CPU
		{C2F403BF-7CE2-4138-B24F-E0FB14D2CC43}.Release|Any CPU.ActiveCfg = Release|Any CPU
		{C2F403BF-7CE2-4138-B24F-E0FB14D2CC43}.Release|Any CPU.Build.0 = Release|Any CPU
	EndGlobalSection
	GlobalSection(SolutionProperties) = preSolution
		HideSolutionNode = FALSE
	EndGlobalSection
EndGlobal
